// !$*UTF8*$!
{
	archiveVersion = 1;
	classes = {
	};
	objectVersion = 50;
	objects = {

/* Begin PBXBuildFile section */
		1E22949526E128F60036DF4C /* BucKitItemService.swift in Sources */ = {isa = PBXBuildFile; fileRef = 1E22949426E128F60036DF4C /* BucKitItemService.swift */; };
		1E804AA726E7A99A000FAB5D /* BucKitItem+CoreDataClass.swift in Sources */ = {isa = PBXBuildFile; fileRef = 1E804AA326E7A99A000FAB5D /* BucKitItem+CoreDataClass.swift */; };
		1EA3998E26D937E7002B52A5 /* BucketItemDetailView.swift in Sources */ = {isa = PBXBuildFile; fileRef = 1EA3998D26D937E7002B52A5 /* BucketItemDetailView.swift */; };
		1EA3999026D9D205002B52A5 /* CircleImage.swift in Sources */ = {isa = PBXBuildFile; fileRef = 1EA3998F26D9D205002B52A5 /* CircleImage.swift */; };
		1EAA61EB26E7B06E008CA013 /* ActivityService.swift in Sources */ = {isa = PBXBuildFile; fileRef = 1EAA61EA26E7B06E008CA013 /* ActivityService.swift */; };
		1EAA61EE26E7B47C008CA013 /* Activity+CoreDataClass.swift in Sources */ = {isa = PBXBuildFile; fileRef = 1EAA61EC26E7B47C008CA013 /* Activity+CoreDataClass.swift */; };
		1EAA61EF26E7B47C008CA013 /* Activity+CoreDataProperties.swift in Sources */ = {isa = PBXBuildFile; fileRef = 1EAA61ED26E7B47C008CA013 /* Activity+CoreDataProperties.swift */; };
		1EB47C5226F236F40011ECF6 /* HotelNetworkService.swift in Sources */ = {isa = PBXBuildFile; fileRef = 1EB47C5126F236F40011ECF6 /* HotelNetworkService.swift */; };
		1EB47C5426F241350011ECF6 /* HotelResult.swift in Sources */ = {isa = PBXBuildFile; fileRef = 1EB47C5326F241350011ECF6 /* HotelResult.swift */; };
		1EB47C5626F250270011ECF6 /* Hotel.swift in Sources */ = {isa = PBXBuildFile; fileRef = 1EB47C5526F250270011ECF6 /* Hotel.swift */; };
		1EB47C9F26F4E6EF0011ECF6 /* HotelList.swift in Sources */ = {isa = PBXBuildFile; fileRef = 1EB47C9E26F4E6EF0011ECF6 /* HotelList.swift */; };
		1EBCC33626EBB0D900E9BED8 /* BucKitItem+CoreDataProperties.swift in Sources */ = {isa = PBXBuildFile; fileRef = 1EBCC33426EBB0D900E9BED8 /* BucKitItem+CoreDataProperties.swift */; };
		1EBCC37826EFAC4E00E9BED8 /* TravelPlanner.swift in Sources */ = {isa = PBXBuildFile; fileRef = 1EBCC37726EFAC4E00E9BED8 /* TravelPlanner.swift */; };
		3C54861226D7ED2700CBF23D /* Preview Assets.xcassets in Resources */ = {isa = PBXBuildFile; fileRef = 3C54861126D7ED2700CBF23D /* Preview Assets.xcassets */; };
		3C54862C26D7EE1B00CBF23D /* WorldView.swift in Sources */ = {isa = PBXBuildFile; fileRef = 3C54862B26D7EE1B00CBF23D /* WorldView.swift */; };
		3C54865026D7EFFD00CBF23D /* BucKitApp.swift in Sources */ = {isa = PBXBuildFile; fileRef = 3C54864F26D7EFFD00CBF23D /* BucKitApp.swift */; };
		3C54865C26D7F26D00CBF23D /* BucKit.xcdatamodeld in Sources */ = {isa = PBXBuildFile; fileRef = 3C54865626D7F26D00CBF23D /* BucKit.xcdatamodeld */; };
		3C54865D26D7F26D00CBF23D /* Assets.xcassets in Resources */ = {isa = PBXBuildFile; fileRef = 3C54865926D7F26D00CBF23D /* Assets.xcassets */; };
		3C69BF9F26E8F6A700E5DF62 /* ImagePickerView.swift in Sources */ = {isa = PBXBuildFile; fileRef = 3C69BF9E26E8F6A700E5DF62 /* ImagePickerView.swift */; };
		3C69BFB926EBCCF800E5DF62 /* LocationService.swift in Sources */ = {isa = PBXBuildFile; fileRef = 3C69BFB826EBCCF800E5DF62 /* LocationService.swift */; };
		3C69BFBB26EBCD5D00E5DF62 /* BucKitItem+CoreDataProperties.swift in Sources */ = {isa = PBXBuildFile; fileRef = 3C69BFBA26EBCD5D00E5DF62 /* BucKitItem+CoreDataProperties.swift */; };
		3C887A4926D9354B00D68906 /* AddView.swift in Sources */ = {isa = PBXBuildFile; fileRef = 3C887A4726D9354B00D68906 /* AddView.swift */; };
		3C887A8B26DB433500D68906 /* ActivityController.swift in Sources */ = {isa = PBXBuildFile; fileRef = 3C887A8A26DB433500D68906 /* ActivityController.swift */; };
		3C9B869326DBFB19009FA683 /* MapView.swift in Sources */ = {isa = PBXBuildFile; fileRef = 3C9B869226DBFB19009FA683 /* MapView.swift */; };
		3C9B869526DBFC99009FA683 /* MapViewModel.swift in Sources */ = {isa = PBXBuildFile; fileRef = 3C9B869426DBFC99009FA683 /* MapViewModel.swift */; };
		3C9B869726DC1B81009FA683 /* Place.swift in Sources */ = {isa = PBXBuildFile; fileRef = 3C9B869626DC1B81009FA683 /* Place.swift */; };
		3CBADF9A26DC848000F92E23 /* ListView.swift in Sources */ = {isa = PBXBuildFile; fileRef = 3CBADF9926DC848000F92E23 /* ListView.swift */; };
		3CBADFBC26DD33FC00F92E23 /* Persistence.swift in Sources */ = {isa = PBXBuildFile; fileRef = 3CBADFBB26DD33FC00F92E23 /* Persistence.swift */; };
/* End PBXBuildFile section */

/* Begin PBXFileReference section */
		1E22949426E128F60036DF4C /* BucKitItemService.swift */ = {isa = PBXFileReference; lastKnownFileType = sourcecode.swift; path = BucKitItemService.swift; sourceTree = "<group>"; };
		1E804AA326E7A99A000FAB5D /* BucKitItem+CoreDataClass.swift */ = {isa = PBXFileReference; lastKnownFileType = sourcecode.swift; path = "BucKitItem+CoreDataClass.swift"; sourceTree = "<group>"; };
		1EA3998D26D937E7002B52A5 /* BucketItemDetailView.swift */ = {isa = PBXFileReference; lastKnownFileType = sourcecode.swift; path = BucketItemDetailView.swift; sourceTree = "<group>"; };
		1EA3998F26D9D205002B52A5 /* CircleImage.swift */ = {isa = PBXFileReference; lastKnownFileType = sourcecode.swift; path = CircleImage.swift; sourceTree = "<group>"; };
		1EAA61EA26E7B06E008CA013 /* ActivityService.swift */ = {isa = PBXFileReference; lastKnownFileType = sourcecode.swift; path = ActivityService.swift; sourceTree = "<group>"; };
		1EAA61EC26E7B47C008CA013 /* Activity+CoreDataClass.swift */ = {isa = PBXFileReference; lastKnownFileType = sourcecode.swift; path = "Activity+CoreDataClass.swift"; sourceTree = SOURCE_ROOT; };
		1EAA61ED26E7B47C008CA013 /* Activity+CoreDataProperties.swift */ = {isa = PBXFileReference; lastKnownFileType = sourcecode.swift; path = "Activity+CoreDataProperties.swift"; sourceTree = SOURCE_ROOT; };
		1EB47C5126F236F40011ECF6 /* HotelNetworkService.swift */ = {isa = PBXFileReference; lastKnownFileType = sourcecode.swift; path = HotelNetworkService.swift; sourceTree = "<group>"; };
		1EB47C5326F241350011ECF6 /* HotelResult.swift */ = {isa = PBXFileReference; lastKnownFileType = sourcecode.swift; path = HotelResult.swift; sourceTree = "<group>"; };
		1EB47C5526F250270011ECF6 /* Hotel.swift */ = {isa = PBXFileReference; lastKnownFileType = sourcecode.swift; path = Hotel.swift; sourceTree = "<group>"; };
		1EB47C9E26F4E6EF0011ECF6 /* HotelList.swift */ = {isa = PBXFileReference; lastKnownFileType = sourcecode.swift; path = HotelList.swift; sourceTree = "<group>"; };
		1EBCC33426EBB0D900E9BED8 /* BucKitItem+CoreDataProperties.swift */ = {isa = PBXFileReference; lastKnownFileType = sourcecode.swift; path = "BucKitItem+CoreDataProperties.swift"; sourceTree = SOURCE_ROOT; };
		1EBCC37726EFAC4E00E9BED8 /* TravelPlanner.swift */ = {isa = PBXFileReference; lastKnownFileType = sourcecode.swift; path = TravelPlanner.swift; sourceTree = "<group>"; };
		3C54860726D7ED2400CBF23D /* BucKit.app */ = {isa = PBXFileReference; explicitFileType = wrapper.application; includeInIndex = 0; path = BucKit.app; sourceTree = BUILT_PRODUCTS_DIR; };
		3C54861126D7ED2700CBF23D /* Preview Assets.xcassets */ = {isa = PBXFileReference; lastKnownFileType = folder.assetcatalog; path = "Preview Assets.xcassets"; sourceTree = "<group>"; };
		3C54862B26D7EE1B00CBF23D /* WorldView.swift */ = {isa = PBXFileReference; lastKnownFileType = sourcecode.swift; path = WorldView.swift; sourceTree = "<group>"; };
		3C54864F26D7EFFD00CBF23D /* BucKitApp.swift */ = {isa = PBXFileReference; lastKnownFileType = sourcecode.swift; path = BucKitApp.swift; sourceTree = "<group>"; };
		3C54865726D7F26D00CBF23D /* BucKit.xcdatamodel */ = {isa = PBXFileReference; lastKnownFileType = wrapper.xcdatamodel; path = BucKit.xcdatamodel; sourceTree = "<group>"; };
		3C54865926D7F26D00CBF23D /* Assets.xcassets */ = {isa = PBXFileReference; lastKnownFileType = folder.assetcatalog; path = Assets.xcassets; sourceTree = "<group>"; };
		3C54866326D7F5F400CBF23D /* Info.plist */ = {isa = PBXFileReference; fileEncoding = 4; lastKnownFileType = text.plist.xml; path = Info.plist; sourceTree = "<group>"; };
		3C69BF9E26E8F6A700E5DF62 /* ImagePickerView.swift */ = {isa = PBXFileReference; lastKnownFileType = sourcecode.swift; path = ImagePickerView.swift; sourceTree = "<group>"; };
		3C69BFB826EBCCF800E5DF62 /* LocationService.swift */ = {isa = PBXFileReference; lastKnownFileType = sourcecode.swift; path = LocationService.swift; sourceTree = "<group>"; };
		3C69BFBA26EBCD5D00E5DF62 /* BucKitItem+CoreDataProperties.swift */ = {isa = PBXFileReference; lastKnownFileType = sourcecode.swift; name = "BucKitItem+CoreDataProperties.swift"; path = "../../../BucKitItem+CoreDataProperties.swift"; sourceTree = "<group>"; };
		3C887A4726D9354B00D68906 /* AddView.swift */ = {isa = PBXFileReference; fileEncoding = 4; lastKnownFileType = sourcecode.swift; path = AddView.swift; sourceTree = "<group>"; };
		3C887A8A26DB433500D68906 /* ActivityController.swift */ = {isa = PBXFileReference; lastKnownFileType = sourcecode.swift; path = ActivityController.swift; sourceTree = "<group>"; };
		3C9B869226DBFB19009FA683 /* MapView.swift */ = {isa = PBXFileReference; lastKnownFileType = sourcecode.swift; path = MapView.swift; sourceTree = "<group>"; };
		3C9B869426DBFC99009FA683 /* MapViewModel.swift */ = {isa = PBXFileReference; lastKnownFileType = sourcecode.swift; path = MapViewModel.swift; sourceTree = "<group>"; };
		3C9B869626DC1B81009FA683 /* Place.swift */ = {isa = PBXFileReference; lastKnownFileType = sourcecode.swift; path = Place.swift; sourceTree = "<group>"; };
		3CBADF9926DC848000F92E23 /* ListView.swift */ = {isa = PBXFileReference; lastKnownFileType = sourcecode.swift; path = ListView.swift; sourceTree = "<group>"; };
		3CBADFBB26DD33FC00F92E23 /* Persistence.swift */ = {isa = PBXFileReference; lastKnownFileType = sourcecode.swift; path = Persistence.swift; sourceTree = "<group>"; };
/* End PBXFileReference section */

/* Begin PBXFrameworksBuildPhase section */
		3C54860426D7ED2400CBF23D /* Frameworks */ = {
			isa = PBXFrameworksBuildPhase;
			buildActionMask = 2147483647;
			files = (
			);
			runOnlyForDeploymentPostprocessing = 0;
		};
/* End PBXFrameworksBuildPhase section */

/* Begin PBXGroup section */
		1E22949E26E7A4970036DF4C /* Services */ = {
			isa = PBXGroup;
			children = (
				1E22949426E128F60036DF4C /* BucKitItemService.swift */,
				1EAA61EA26E7B06E008CA013 /* ActivityService.swift */,
				3C69BFB826EBCCF800E5DF62 /* LocationService.swift */,
				1EB47C5126F236F40011ECF6 /* HotelNetworkService.swift */,
			);
			path = Services;
			sourceTree = "<group>";
		};
		1E22949F26E7A4AC0036DF4C /* Core Data */ = {
			isa = PBXGroup;
			children = (
				1EAA61EC26E7B47C008CA013 /* Activity+CoreDataClass.swift */,
				1EAA61ED26E7B47C008CA013 /* Activity+CoreDataProperties.swift */,
				1E804AA326E7A99A000FAB5D /* BucKitItem+CoreDataClass.swift */,
				3C69BFBA26EBCD5D00E5DF62 /* BucKitItem+CoreDataProperties.swift */,
				1EB47C5326F241350011ECF6 /* HotelResult.swift */,
				1EB47C5526F250270011ECF6 /* Hotel.swift */,
			);
			path = "Core Data";
			sourceTree = "<group>";
		};
		1EA3998A26D92E91002B52A5 /* model */ = {
			isa = PBXGroup;
			children = (
				1E22949F26E7A4AC0036DF4C /* Core Data */,
				1E22949E26E7A4970036DF4C /* Services */,
				3C9B869426DBFC99009FA683 /* MapViewModel.swift */,
				3C9B869626DC1B81009FA683 /* Place.swift */,
			);
			path = model;
			sourceTree = "<group>";
		};
		3C5485FE26D7ED2400CBF23D = {
			isa = PBXGroup;
			children = (
				3C54860926D7ED2400CBF23D /* BucKit */,
				3C54860826D7ED2400CBF23D /* Products */,
			);
			sourceTree = "<group>";
		};
		3C54860826D7ED2400CBF23D /* Products */ = {
			isa = PBXGroup;
			children = (
				3C54860726D7ED2400CBF23D /* BucKit.app */,
			);
			name = Products;
			sourceTree = "<group>";
		};
		3C54860926D7ED2400CBF23D /* BucKit */ = {
			isa = PBXGroup;
			children = (
				3C54866326D7F5F400CBF23D /* Info.plist */,
				1EA3998A26D92E91002B52A5 /* model */,
				3C54865226D7F09900CBF23D /* App */,
				3C54865426D7F26D00CBF23D /* CoreData */,
				3C54865826D7F26D00CBF23D /* Misc */,
				3C54862826D7EDC700CBF23D /* Views */,
				3C54861026D7ED2700CBF23D /* Preview Content */,
			);
			path = BucKit;
			sourceTree = "<group>";
		};
		3C54861026D7ED2700CBF23D /* Preview Content */ = {
			isa = PBXGroup;
			children = (
				3C54861126D7ED2700CBF23D /* Preview Assets.xcassets */,
			);
			path = "Preview Content";
			sourceTree = "<group>";
		};
		3C54862826D7EDC700CBF23D /* Views */ = {
			isa = PBXGroup;
			children = (
				3C887A4726D9354B00D68906 /* AddView.swift */,
				3C54862B26D7EE1B00CBF23D /* WorldView.swift */,
				1EA3998D26D937E7002B52A5 /* BucketItemDetailView.swift */,
				3C9B869226DBFB19009FA683 /* MapView.swift */,
				3CBADF9926DC848000F92E23 /* ListView.swift */,
				1EA3998F26D9D205002B52A5 /* CircleImage.swift */,
				3C69BF9E26E8F6A700E5DF62 /* ImagePickerView.swift */,
				1EBCC37726EFAC4E00E9BED8 /* TravelPlanner.swift */,
				1EB47C9E26F4E6EF0011ECF6 /* HotelList.swift */,
			);
			path = Views;
			sourceTree = "<group>";
		};
		3C54865226D7F09900CBF23D /* App */ = {
			isa = PBXGroup;
			children = (
				3C54864F26D7EFFD00CBF23D /* BucKitApp.swift */,
			);
			path = App;
			sourceTree = "<group>";
		};
		3C54865426D7F26D00CBF23D /* CoreData */ = {
			isa = PBXGroup;
			children = (
				3C54865626D7F26D00CBF23D /* BucKit.xcdatamodeld */,
				3C887A8A26DB433500D68906 /* ActivityController.swift */,
				3CBADFBB26DD33FC00F92E23 /* Persistence.swift */,
			);
			name = CoreData;
			path = BucKit/CoreData;
			sourceTree = SOURCE_ROOT;
		};
		3C54865826D7F26D00CBF23D /* Misc */ = {
			isa = PBXGroup;
			children = (
				3C54865926D7F26D00CBF23D /* Assets.xcassets */,
			);
			name = Misc;
			path = BucKit/Misc;
			sourceTree = SOURCE_ROOT;
		};
/* End PBXGroup section */

/* Begin PBXNativeTarget section */
		3C54860626D7ED2400CBF23D /* BucKit */ = {
			isa = PBXNativeTarget;
			buildConfigurationList = 3C54861B26D7ED2700CBF23D /* Build configuration list for PBXNativeTarget "BucKit" */;
			buildPhases = (
				3C54860326D7ED2400CBF23D /* Sources */,
				3C54860426D7ED2400CBF23D /* Frameworks */,
				3C54860526D7ED2400CBF23D /* Resources */,
			);
			buildRules = (
			);
			dependencies = (
			);
			name = BucKit;
			productName = BucKit;
			productReference = 3C54860726D7ED2400CBF23D /* BucKit.app */;
			productType = "com.apple.product-type.application";
		};
/* End PBXNativeTarget section */

/* Begin PBXProject section */
		3C5485FF26D7ED2400CBF23D /* Project object */ = {
			isa = PBXProject;
			attributes = {
				LastSwiftUpdateCheck = 1250;
				LastUpgradeCheck = 1250;
				TargetAttributes = {
					3C54860626D7ED2400CBF23D = {
						CreatedOnToolsVersion = 12.5.1;
					};
				};
			};
			buildConfigurationList = 3C54860226D7ED2400CBF23D /* Build configuration list for PBXProject "BucKit" */;
			compatibilityVersion = "Xcode 9.3";
			developmentRegion = en;
			hasScannedForEncodings = 0;
			knownRegions = (
				en,
				Base,
			);
			mainGroup = 3C5485FE26D7ED2400CBF23D;
			productRefGroup = 3C54860826D7ED2400CBF23D /* Products */;
			projectDirPath = "";
			projectRoot = "";
			targets = (
				3C54860626D7ED2400CBF23D /* BucKit */,
			);
		};
/* End PBXProject section */

/* Begin PBXResourcesBuildPhase section */
		3C54860526D7ED2400CBF23D /* Resources */ = {
			isa = PBXResourcesBuildPhase;
			buildActionMask = 2147483647;
			files = (
				3C54865D26D7F26D00CBF23D /* Assets.xcassets in Resources */,
				3C54861226D7ED2700CBF23D /* Preview Assets.xcassets in Resources */,
			);
			runOnlyForDeploymentPostprocessing = 0;
		};
/* End PBXResourcesBuildPhase section */

/* Begin PBXSourcesBuildPhase section */
		3C54860326D7ED2400CBF23D /* Sources */ = {
			isa = PBXSourcesBuildPhase;
			buildActionMask = 2147483647;
			files = (
				3CBADFBC26DD33FC00F92E23 /* Persistence.swift in Sources */,
				3C9B869326DBFB19009FA683 /* MapView.swift in Sources */,
				3C69BFB926EBCCF800E5DF62 /* LocationService.swift in Sources */,
				1EB47C5626F250270011ECF6 /* Hotel.swift in Sources */,
				3CBADF9A26DC848000F92E23 /* ListView.swift in Sources */,
				1E22949526E128F60036DF4C /* BucKitItemService.swift in Sources */,
				1EA3998E26D937E7002B52A5 /* BucketItemDetailView.swift in Sources */,
				3C9B869526DBFC99009FA683 /* MapViewModel.swift in Sources */,
				3C9B869726DC1B81009FA683 /* Place.swift in Sources */,
				1EB47C5426F241350011ECF6 /* HotelResult.swift in Sources */,
				3C54862C26D7EE1B00CBF23D /* WorldView.swift in Sources */,
				3C69BFBB26EBCD5D00E5DF62 /* BucKitItem+CoreDataProperties.swift in Sources */,
				1EB47C9F26F4E6EF0011ECF6 /* HotelList.swift in Sources */,
				1EBCC37826EFAC4E00E9BED8 /* TravelPlanner.swift in Sources */,
				1EBCC33626EBB0D900E9BED8 /* BucKitItem+CoreDataProperties.swift in Sources */,
				1EAA61EB26E7B06E008CA013 /* ActivityService.swift in Sources */,
				1EB47C5226F236F40011ECF6 /* HotelNetworkService.swift in Sources */,
				1EA3999026D9D205002B52A5 /* CircleImage.swift in Sources */,
				1EAA61EF26E7B47C008CA013 /* Activity+CoreDataProperties.swift in Sources */,
				3C54865026D7EFFD00CBF23D /* BucKitApp.swift in Sources */,
				3C887A4926D9354B00D68906 /* AddView.swift in Sources */,
				3C887A8B26DB433500D68906 /* ActivityController.swift in Sources */,
				1E804AA726E7A99A000FAB5D /* BucKitItem+CoreDataClass.swift in Sources */,
				3C54865C26D7F26D00CBF23D /* BucKit.xcdatamodeld in Sources */,
				1EAA61EE26E7B47C008CA013 /* Activity+CoreDataClass.swift in Sources */,
				3C69BF9F26E8F6A700E5DF62 /* ImagePickerView.swift in Sources */,
			);
			runOnlyForDeploymentPostprocessing = 0;
		};
/* End PBXSourcesBuildPhase section */

/* Begin XCBuildConfiguration section */
		3C54861926D7ED2700CBF23D /* Debug */ = {
			isa = XCBuildConfiguration;
			buildSettings = {
				ALWAYS_SEARCH_USER_PATHS = NO;
				CLANG_ANALYZER_NONNULL = YES;
				CLANG_ANALYZER_NUMBER_OBJECT_CONVERSION = YES_AGGRESSIVE;
				CLANG_CXX_LANGUAGE_STANDARD = "gnu++14";
				CLANG_CXX_LIBRARY = "libc++";
				CLANG_ENABLE_MODULES = YES;
				CLANG_ENABLE_OBJC_ARC = YES;
				CLANG_ENABLE_OBJC_WEAK = YES;
				CLANG_WARN_BLOCK_CAPTURE_AUTORELEASING = YES;
				CLANG_WARN_BOOL_CONVERSION = YES;
				CLANG_WARN_COMMA = YES;
				CLANG_WARN_CONSTANT_CONVERSION = YES;
				CLANG_WARN_DEPRECATED_OBJC_IMPLEMENTATIONS = YES;
				CLANG_WARN_DIRECT_OBJC_ISA_USAGE = YES_ERROR;
				CLANG_WARN_DOCUMENTATION_COMMENTS = YES;
				CLANG_WARN_EMPTY_BODY = YES;
				CLANG_WARN_ENUM_CONVERSION = YES;
				CLANG_WARN_INFINITE_RECURSION = YES;
				CLANG_WARN_INT_CONVERSION = YES;
				CLANG_WARN_NON_LITERAL_NULL_CONVERSION = YES;
				CLANG_WARN_OBJC_IMPLICIT_RETAIN_SELF = YES;
				CLANG_WARN_OBJC_LITERAL_CONVERSION = YES;
				CLANG_WARN_OBJC_ROOT_CLASS = YES_ERROR;
				CLANG_WARN_QUOTED_INCLUDE_IN_FRAMEWORK_HEADER = YES;
				CLANG_WARN_RANGE_LOOP_ANALYSIS = YES;
				CLANG_WARN_STRICT_PROTOTYPES = YES;
				CLANG_WARN_SUSPICIOUS_MOVE = YES;
				CLANG_WARN_UNGUARDED_AVAILABILITY = YES_AGGRESSIVE;
				CLANG_WARN_UNREACHABLE_CODE = YES;
				CLANG_WARN__DUPLICATE_METHOD_MATCH = YES;
				COPY_PHASE_STRIP = NO;
				DEBUG_INFORMATION_FORMAT = dwarf;
				ENABLE_STRICT_OBJC_MSGSEND = YES;
				ENABLE_TESTABILITY = YES;
				GCC_C_LANGUAGE_STANDARD = gnu11;
				GCC_DYNAMIC_NO_PIC = NO;
				GCC_NO_COMMON_BLOCKS = YES;
				GCC_OPTIMIZATION_LEVEL = 0;
				GCC_PREPROCESSOR_DEFINITIONS = (
					"DEBUG=1",
					"$(inherited)",
				);
				GCC_WARN_64_TO_32_BIT_CONVERSION = YES;
				GCC_WARN_ABOUT_RETURN_TYPE = YES_ERROR;
				GCC_WARN_UNDECLARED_SELECTOR = YES;
				GCC_WARN_UNINITIALIZED_AUTOS = YES_AGGRESSIVE;
				GCC_WARN_UNUSED_FUNCTION = YES;
				GCC_WARN_UNUSED_VARIABLE = YES;
				IPHONEOS_DEPLOYMENT_TARGET = 14.5;
				MTL_ENABLE_DEBUG_INFO = INCLUDE_SOURCE;
				MTL_FAST_MATH = YES;
				ONLY_ACTIVE_ARCH = YES;
				SDKROOT = iphoneos;
				SWIFT_ACTIVE_COMPILATION_CONDITIONS = DEBUG;
				SWIFT_OPTIMIZATION_LEVEL = "-O";
			};
			name = Debug;
		};
		3C54861A26D7ED2700CBF23D /* Release */ = {
			isa = XCBuildConfiguration;
			buildSettings = {
				ALWAYS_SEARCH_USER_PATHS = NO;
				CLANG_ANALYZER_NONNULL = YES;
				CLANG_ANALYZER_NUMBER_OBJECT_CONVERSION = YES_AGGRESSIVE;
				CLANG_CXX_LANGUAGE_STANDARD = "gnu++14";
				CLANG_CXX_LIBRARY = "libc++";
				CLANG_ENABLE_MODULES = YES;
				CLANG_ENABLE_OBJC_ARC = YES;
				CLANG_ENABLE_OBJC_WEAK = YES;
				CLANG_WARN_BLOCK_CAPTURE_AUTORELEASING = YES;
				CLANG_WARN_BOOL_CONVERSION = YES;
				CLANG_WARN_COMMA = YES;
				CLANG_WARN_CONSTANT_CONVERSION = YES;
				CLANG_WARN_DEPRECATED_OBJC_IMPLEMENTATIONS = YES;
				CLANG_WARN_DIRECT_OBJC_ISA_USAGE = YES_ERROR;
				CLANG_WARN_DOCUMENTATION_COMMENTS = YES;
				CLANG_WARN_EMPTY_BODY = YES;
				CLANG_WARN_ENUM_CONVERSION = YES;
				CLANG_WARN_INFINITE_RECURSION = YES;
				CLANG_WARN_INT_CONVERSION = YES;
				CLANG_WARN_NON_LITERAL_NULL_CONVERSION = YES;
				CLANG_WARN_OBJC_IMPLICIT_RETAIN_SELF = YES;
				CLANG_WARN_OBJC_LITERAL_CONVERSION = YES;
				CLANG_WARN_OBJC_ROOT_CLASS = YES_ERROR;
				CLANG_WARN_QUOTED_INCLUDE_IN_FRAMEWORK_HEADER = YES;
				CLANG_WARN_RANGE_LOOP_ANALYSIS = YES;
				CLANG_WARN_STRICT_PROTOTYPES = YES;
				CLANG_WARN_SUSPICIOUS_MOVE = YES;
				CLANG_WARN_UNGUARDED_AVAILABILITY = YES_AGGRESSIVE;
				CLANG_WARN_UNREACHABLE_CODE = YES;
				CLANG_WARN__DUPLICATE_METHOD_MATCH = YES;
				COPY_PHASE_STRIP = NO;
				DEBUG_INFORMATION_FORMAT = "dwarf-with-dsym";
				ENABLE_NS_ASSERTIONS = NO;
				ENABLE_STRICT_OBJC_MSGSEND = YES;
				GCC_C_LANGUAGE_STANDARD = gnu11;
				GCC_NO_COMMON_BLOCKS = YES;
				GCC_WARN_64_TO_32_BIT_CONVERSION = YES;
				GCC_WARN_ABOUT_RETURN_TYPE = YES_ERROR;
				GCC_WARN_UNDECLARED_SELECTOR = YES;
				GCC_WARN_UNINITIALIZED_AUTOS = YES_AGGRESSIVE;
				GCC_WARN_UNUSED_FUNCTION = YES;
				GCC_WARN_UNUSED_VARIABLE = YES;
				IPHONEOS_DEPLOYMENT_TARGET = 14.5;
				MTL_ENABLE_DEBUG_INFO = NO;
				MTL_FAST_MATH = YES;
				SDKROOT = iphoneos;
				SWIFT_COMPILATION_MODE = wholemodule;
				SWIFT_OPTIMIZATION_LEVEL = "-O";
				VALIDATE_PRODUCT = YES;
			};
			name = Release;
		};
		3C54861C26D7ED2700CBF23D /* Debug */ = {
			isa = XCBuildConfiguration;
			buildSettings = {
				ASSETCATALOG_COMPILER_APPICON_NAME = AppIcon;
				ASSETCATALOG_COMPILER_GLOBAL_ACCENT_COLOR_NAME = AccentColor;
				CODE_SIGN_STYLE = Automatic;
				DEVELOPMENT_ASSET_PATHS = "\"BucKit/Preview Content\"";
				DEVELOPMENT_TEAM = DD77Z52DR7;
				ENABLE_PREVIEWS = YES;
				INFOPLIST_FILE = BucKit/info.plist;
				IPHONEOS_DEPLOYMENT_TARGET = 14.0;
				LD_RUNPATH_SEARCH_PATHS = (
					"$(inherited)",
					"@executable_path/Frameworks",
				);
				PRODUCT_BUNDLE_IDENTIFIER = com.cgreer.BucKit.BucKit;
				PRODUCT_NAME = "$(TARGET_NAME)";
				SWIFT_OPTIMIZATION_LEVEL = "-Onone";
				SWIFT_VERSION = 5.0;
				TARGETED_DEVICE_FAMILY = "1,2";
			};
			name = Debug;
		};
		3C54861D26D7ED2700CBF23D /* Release */ = {
			isa = XCBuildConfiguration;
			buildSettings = {
				ASSETCATALOG_COMPILER_APPICON_NAME = AppIcon;
				ASSETCATALOG_COMPILER_GLOBAL_ACCENT_COLOR_NAME = AccentColor;
				CODE_SIGN_STYLE = Automatic;
				DEVELOPMENT_ASSET_PATHS = "\"BucKit/Preview Content\"";
				DEVELOPMENT_TEAM = DD77Z52DR7;
				ENABLE_PREVIEWS = YES;
				INFOPLIST_FILE = BucKit/info.plist;
				IPHONEOS_DEPLOYMENT_TARGET = 14.0;
				LD_RUNPATH_SEARCH_PATHS = (
					"$(inherited)",
					"@executable_path/Frameworks",
				);
				PRODUCT_BUNDLE_IDENTIFIER = com.cgreer.BucKit.BucKit;
				PRODUCT_NAME = "$(TARGET_NAME)";
				SWIFT_OPTIMIZATION_LEVEL = "-O";
				SWIFT_VERSION = 5.0;
				TARGETED_DEVICE_FAMILY = "1,2";
			};
			name = Release;
		};
/* End XCBuildConfiguration section */

/* Begin XCConfigurationList section */
		3C54860226D7ED2400CBF23D /* Build configuration list for PBXProject "BucKit" */ = {
			isa = XCConfigurationList;
			buildConfigurations = (
				3C54861926D7ED2700CBF23D /* Debug */,
				3C54861A26D7ED2700CBF23D /* Release */,
			);
			defaultConfigurationIsVisible = 0;
			defaultConfigurationName = Release;
		};
		3C54861B26D7ED2700CBF23D /* Build configuration list for PBXNativeTarget "BucKit" */ = {
			isa = XCConfigurationList;
			buildConfigurations = (
				3C54861C26D7ED2700CBF23D /* Debug */,
				3C54861D26D7ED2700CBF23D /* Release */,
			);
			defaultConfigurationIsVisible = 0;
			defaultConfigurationName = Release;
		};
/* End XCConfigurationList section */

/* Begin XCVersionGroup section */
		3C54865626D7F26D00CBF23D /* BucKit.xcdatamodeld */ = {
			isa = XCVersionGroup;
			children = (
				3C54865726D7F26D00CBF23D /* BucKit.xcdatamodel */,
			);
			currentVersion = 3C54865726D7F26D00CBF23D /* BucKit.xcdatamodel */;
			path = BucKit.xcdatamodeld;
			sourceTree = "<group>";
			versionGroupType = wrapper.xcdatamodel;
		};
/* End XCVersionGroup section */
	};
	rootObject = 3C5485FF26D7ED2400CBF23D /* Project object */;
}
